# This file is autogenerated, do not edit; changes may be undone by the next 'dep ensure'.


[[projects]]
  name = "github.com/jamiealquiza/envy"
  packages = ["."]
  revision = "0bbd0e6a316f4aedb2fcb3eaaabd3e89d88d606f"
  version = "v1.0.0"

[[projects]]
  name = "github.com/technoweenie/multipartstreamer"
  packages = ["."]
  revision = "a90a01d73ae432e2611d178c18367fbaa13e0154"
  version = "v1.0.1"

[[projects]]
  name = "gopkg.in/telegram-bot-api.v4"
  packages = ["."]
  revision = "0e0af0c480ea98e982d5f4d45fb39577c6ab1e3e"
  version = "v4.6.2"

[solve-meta]
  analyzer-name = "dep"
  analyzer-version = 1
  inputs-digest = "3bb90c910395776fad6e1c95d5cac4add8b102630fa0bd0372b40e18a868a2c1"
  solver-name = "gps-cdcl"
  solver-version = 1
